
Microsoft Visual Studio Solution File, Format Version 12.00
# Visual Studio 15
VisualStudioVersion = 15.0.28010.2036
MinimumVisualStudioVersion = 10.0.40219.1
Project("{FAE04EC0-301F-11D3-BF4B-00C04F79EFBC}") = "test_fluxday", "test_fluxday\test_fluxday.csproj", "{A5639A65-0D0F-4056-A7A0-E4B0941392E9}"
EndProject
Global
	GlobalSection(SolutionConfigurationPlatforms) = preSolution
		Debug|Any CPU = Debug|Any CPU
		Release|Any CPU = Release|Any CPU
	EndGlobalSection
	GlobalSection(ProjectConfigurationPlatforms) = postSolution
		{A5639A65-0D0F-4056-A7A0-E4B0941392E9}.Debug|Any CPU.ActiveCfg = Debug|Any CPU
		{A5639A65-0D0F-4056-A7A0-E4B0941392E9}.Debug|Any CPU.Build.0 = Debug|Any CPU
		{A5639A65-0D0F-4056-A7A0-E4B0941392E9}.Release|Any CPU.ActiveCfg = Release|Any CPU
		{A5639A65-0D0F-4056-A7A0-E4B0941392E9}.Release|Any CPU.Build.0 = Release|Any CPU
	EndGlobalSection
	GlobalSection(SolutionProperties) = preSolution
		HideSolutionNode = FALSE
	EndGlobalSection
	GlobalSection(ExtensibilityGlobals) = postSolution
		SolutionGuid = {ABB6D09A-095A-4B4A-981C-184E8E60A50D}
	EndGlobalSection
EndGlobal
